
Microsoft Visual Studio Solution File, Format Version 12.00
# Visual Studio Version 16
VisualStudioVersion = 16.0.29324.140
MinimumVisualStudioVersion = 10.0.40219.1
Project("{2150E333-8FDC-42A3-9474-1A3956D46DE8}") = "src", "src", "{F3EA3704-BDA0-4378-9027-827EDA186F48}"
EndProject
Project("{2150E333-8FDC-42A3-9474-1A3956D46DE8}") = "tests", "tests", "{A76B93E9-DBCC-4588-9EDA-AD8668792C5C}"
EndProject
Project("{9A19103F-16F7-4668-BE54-9A1E7A4F7556}") = "NHSD.BuyingCatalogue.Persistence", "src\NHSD.BuyingCatalogue.Persistence\NHSD.BuyingCatalogue.Persistence.csproj", "{F460082A-18AD-4ECA-83D0-8FF21EA87EAC}"
EndProject
Project("{9A19103F-16F7-4668-BE54-9A1E7A4F7556}") = "NHSD.BuyingCatalogue.Application", "src\NHSD.BuyingCatalogue.Application\NHSD.BuyingCatalogue.Application.csproj", "{E2F9895A-87F5-4325-8779-35EDA083C066}"
EndProject
Project("{9A19103F-16F7-4668-BE54-9A1E7A4F7556}") = "NHSD.BuyingCatalogue.API", "src\NHSD.BuyingCatalogue.API\NHSD.BuyingCatalogue.API.csproj", "{55284AD6-302D-4E68-8372-F1BAAF538B9A}"
EndProject
Project("{9A19103F-16F7-4668-BE54-9A1E7A4F7556}") = "NHSD.BuyingCatalogue.Testing.Tools", "tests\NHSD.BuyingCatalogue.Testing.Tools\NHSD.BuyingCatalogue.Testing.Tools.csproj", "{B71D5106-AC18-4D67-811F-E0449858AEA1}"
EndProject
Project("{9A19103F-16F7-4668-BE54-9A1E7A4F7556}") = "NHSD.BuyingCatalogue.Testing.Data", "tests\NHSD.BuyingCatalogue.Testing.Data\NHSD.BuyingCatalogue.Testing.Data.csproj", "{550DC78F-CAAA-444D-A7B7-F7B93D83801D}"
EndProject
Project("{9A19103F-16F7-4668-BE54-9A1E7A4F7556}") = "NHSD.BuyingCatalogue.Persistence.DatabaseTests", "tests\NHSD.BuyingCatalogue.Persistence.DatabaseTests\NHSD.BuyingCatalogue.Persistence.DatabaseTests.csproj", "{5F7094F3-0F6F-4655-96C8-49F2BB62D8CE}"
EndProject
Project("{9A19103F-16F7-4668-BE54-9A1E7A4F7556}") = "NHSD.BuyingCatalogue.Application.UnitTests", "tests\NHSD.BuyingCatalogue.Application.UnitTests\NHSD.BuyingCatalogue.Application.UnitTests.csproj", "{573CDC2F-8BB7-4B93-9B81-322846E3BCC6}"
EndProject
Project("{9A19103F-16F7-4668-BE54-9A1E7A4F7556}") = "NHSD.BuyingCatalogue.API.UnitTests", "tests\NHSD.BuyingCatalogue.API.UnitTests\NHSD.BuyingCatalogue.API.UnitTests.csproj", "{206FDA1D-0A94-4222-A932-AD27FE6DABF7}"
EndProject
Project("{9A19103F-16F7-4668-BE54-9A1E7A4F7556}") = "NHSD.BuyingCatalogue.API.IntegrationTests", "tests\NHSD.BuyingCatalogue.API.IntegrationTests\NHSD.BuyingCatalogue.API.IntegrationTests.csproj", "{C2B38A89-1FE7-4B00-A2C4-4CF6E7C7583A}"
EndProject
Project("{9A19103F-16F7-4668-BE54-9A1E7A4F7556}") = "NHSD.BuyingCatalogue.Contracts", "src\NHSD.BuyingCatalogue.Contracts\NHSD.BuyingCatalogue.Contracts.csproj", "{023BB017-676C-4B89-9F14-007A89622F60}"
EndProject
Project("{9A19103F-16F7-4668-BE54-9A1E7A4F7556}") = "NHSD.BuyingCatalogue.Infrastructure", "src\NHSD.BuyingCatalogue.Infrastructure\NHSD.BuyingCatalogue.Infrastructure.csproj", "{40C2698C-9F9E-4D39-A6AE-5AFE3E766124}"
EndProject
Project("{9A19103F-16F7-4668-BE54-9A1E7A4F7556}") = "NHSD.BuyingCatalogue.Infrastructure.Tests", "tests\NHSD.BuyingCatalogue.Infrastructure.Tests\NHSD.BuyingCatalogue.Infrastructure.Tests.csproj", "{31326371-2556-433F-AFDA-329C10DE2955}"
EndProject
Project("{9A19103F-16F7-4668-BE54-9A1E7A4F7556}") = "NHSD.BuyingCatalogue.Data", "src\NHSD.BuyingCatalogue.Data\NHSD.BuyingCatalogue.Data.csproj", "{7E607450-49BD-4425-A40D-E7AD944B1DBF}"
EndProject
Project("{9A19103F-16F7-4668-BE54-9A1E7A4F7556}") = "NHSD.BuyingCatalogue.Data.Tests", "tests\NHSD.BuyingCatalogue.Data.Tests\NHSD.BuyingCatalogue.Data.Tests.csproj", "{D3034B89-21A1-4CBA-A53E-E6F3828C39F0}"
EndProject
Project("{9A19103F-16F7-4668-BE54-9A1E7A4F7556}") = "NHSD.BuyingCatalogue.Capabilities.API", "src\NHSD.BuyingCatalogue.Capabilities.API\NHSD.BuyingCatalogue.Capabilities.API.csproj", "{2EE07EB2-120D-4E13-84CC-C10E9DE3E675}"
EndProject
Project("{9A19103F-16F7-4668-BE54-9A1E7A4F7556}") = "NHSD.BuyingCatalogue.Capabilities.API.UnitTests", "tests\NHSD.BuyingCatalogue.Capabilities.API.UnitTests\NHSD.BuyingCatalogue.Capabilities.API.UnitTests.csproj", "{23B6CFAD-D2BC-4C95-89C3-263F8DB4D503}"
EndProject
Project("{9A19103F-16F7-4668-BE54-9A1E7A4F7556}") = "NHSD.BuyingCatalogue.SolutionList.API", "src\NHSD.BuyingCatalogue.SolutionList.API\NHSD.BuyingCatalogue.SolutionList.API.csproj", "{196D50F2-F3A0-42A5-806A-14DD17501E1B}"
EndProject
Project("{9A19103F-16F7-4668-BE54-9A1E7A4F7556}") = "NHSD.BuyingCatalogue.SolutionList.API.UnitTests", "tests\NHSD.BuyingCatalogue.SolutionList.API.UnitTests\NHSD.BuyingCatalogue.SolutionList.API.UnitTests.csproj", "{A57EB5CE-9026-4B4D-9774-9C6FB3C4B1FA}"
EndProject
Project("{9A19103F-16F7-4668-BE54-9A1E7A4F7556}") = "NHSD.BuyingCatalogue.Solution.API", "src\NHSD.BuyingCatalogue.Solution.API\NHSD.BuyingCatalogue.Solution.API.csproj", "{7BAB34C8-C367-4DD2-9DD2-45E87621763C}"
EndProject
Project("{9A19103F-16F7-4668-BE54-9A1E7A4F7556}") = "NHSD.BuyingCatalogue.Solution.API.UnitTests", "tests\NHSD.BuyingCatalogue.Solution.API.UnitTests\NHSD.BuyingCatalogue.Solution.API.UnitTests.csproj", "{28A153D4-7FC1-407F-810E-99A0E9EB5D12}"
EndProject
Project("{9A19103F-16F7-4668-BE54-9A1E7A4F7556}") = "NHSD.BuyingCatalogue.Capabilities.Application", "src\NHSD.BuyingCatalogue.Capabilities.Application\NHSD.BuyingCatalogue.Capabilities.Application.csproj", "{2652557E-01EE-4FA9-AF33-D4C30C6196D3}"
EndProject
Project("{9A19103F-16F7-4668-BE54-9A1E7A4F7556}") = "NHSD.BuyingCatalogue.Capabilities.Application.UnitTests", "tests\NHSD.BuyingCatalogue.Capabilities.Application.UnitTests\NHSD.BuyingCatalogue.Capabilities.Application.UnitTests.csproj", "{3B32C20D-CE1C-4C6F-8493-7E41C0DE9E87}"
EndProject
Project("{2150E333-8FDC-42A3-9474-1A3956D46DE8}") = "Capabilities", "Capabilities", "{97B4EF45-1E32-4089-BE2A-D97BB9E1B553}"
EndProject
Project("{2150E333-8FDC-42A3-9474-1A3956D46DE8}") = "SolutionList", "SolutionList", "{F0963CE6-76F3-4222-B19C-E83A01E831B8}"
EndProject
Project("{2150E333-8FDC-42A3-9474-1A3956D46DE8}") = "Solutions", "Solutions", "{595F1A88-82F8-4EB3-9DEF-A5A9268C20E6}"
EndProject
Project("{2150E333-8FDC-42A3-9474-1A3956D46DE8}") = "Capabilities", "Capabilities", "{31EE217A-6D1D-4481-B62E-593E81DEB6D9}"
EndProject
Project("{2150E333-8FDC-42A3-9474-1A3956D46DE8}") = "SolutionList", "SolutionList", "{A0C08CFE-48D7-4449-8AE4-16B63563E774}"
EndProject
Project("{2150E333-8FDC-42A3-9474-1A3956D46DE8}") = "Solutions", "Solutions", "{3E9E3FB1-574B-4A0B-9802-60C72F1F465C}"
EndProject
Project("{2150E333-8FDC-42A3-9474-1A3956D46DE8}") = "Tools", "Tools", "{7F2B90C3-4153-4B5E-A1A6-F1C5E696BB29}"
EndProject
Project("{2150E333-8FDC-42A3-9474-1A3956D46DE8}") = "Infrastructure", "Infrastructure", "{15DB4B32-D406-4DF5-B13D-6506435319FD}"
EndProject
Project("{2150E333-8FDC-42A3-9474-1A3956D46DE8}") = "Infrastructure", "Infrastructure", "{0C3681E5-6A86-4EC3-8AA6-F20BA25BC667}"
EndProject
Global
	GlobalSection(SolutionConfigurationPlatforms) = preSolution
		Debug|Any CPU = Debug|Any CPU
		Release|Any CPU = Release|Any CPU
	EndGlobalSection
	GlobalSection(ProjectConfigurationPlatforms) = postSolution
		{F460082A-18AD-4ECA-83D0-8FF21EA87EAC}.Debug|Any CPU.ActiveCfg = Debug|Any CPU
		{F460082A-18AD-4ECA-83D0-8FF21EA87EAC}.Debug|Any CPU.Build.0 = Debug|Any CPU
		{F460082A-18AD-4ECA-83D0-8FF21EA87EAC}.Release|Any CPU.ActiveCfg = Release|Any CPU
		{F460082A-18AD-4ECA-83D0-8FF21EA87EAC}.Release|Any CPU.Build.0 = Release|Any CPU
		{E2F9895A-87F5-4325-8779-35EDA083C066}.Debug|Any CPU.ActiveCfg = Debug|Any CPU
		{E2F9895A-87F5-4325-8779-35EDA083C066}.Debug|Any CPU.Build.0 = Debug|Any CPU
		{E2F9895A-87F5-4325-8779-35EDA083C066}.Release|Any CPU.ActiveCfg = Release|Any CPU
		{E2F9895A-87F5-4325-8779-35EDA083C066}.Release|Any CPU.Build.0 = Release|Any CPU
		{55284AD6-302D-4E68-8372-F1BAAF538B9A}.Debug|Any CPU.ActiveCfg = Debug|Any CPU
		{55284AD6-302D-4E68-8372-F1BAAF538B9A}.Debug|Any CPU.Build.0 = Debug|Any CPU
		{55284AD6-302D-4E68-8372-F1BAAF538B9A}.Release|Any CPU.ActiveCfg = Release|Any CPU
		{55284AD6-302D-4E68-8372-F1BAAF538B9A}.Release|Any CPU.Build.0 = Release|Any CPU
		{B71D5106-AC18-4D67-811F-E0449858AEA1}.Debug|Any CPU.ActiveCfg = Debug|Any CPU
		{B71D5106-AC18-4D67-811F-E0449858AEA1}.Debug|Any CPU.Build.0 = Debug|Any CPU
		{B71D5106-AC18-4D67-811F-E0449858AEA1}.Release|Any CPU.ActiveCfg = Release|Any CPU
		{B71D5106-AC18-4D67-811F-E0449858AEA1}.Release|Any CPU.Build.0 = Release|Any CPU
		{550DC78F-CAAA-444D-A7B7-F7B93D83801D}.Debug|Any CPU.ActiveCfg = Debug|Any CPU
		{550DC78F-CAAA-444D-A7B7-F7B93D83801D}.Debug|Any CPU.Build.0 = Debug|Any CPU
		{550DC78F-CAAA-444D-A7B7-F7B93D83801D}.Release|Any CPU.ActiveCfg = Release|Any CPU
		{550DC78F-CAAA-444D-A7B7-F7B93D83801D}.Release|Any CPU.Build.0 = Release|Any CPU
		{5F7094F3-0F6F-4655-96C8-49F2BB62D8CE}.Debug|Any CPU.ActiveCfg = Debug|Any CPU
		{5F7094F3-0F6F-4655-96C8-49F2BB62D8CE}.Debug|Any CPU.Build.0 = Debug|Any CPU
		{5F7094F3-0F6F-4655-96C8-49F2BB62D8CE}.Release|Any CPU.ActiveCfg = Release|Any CPU
		{5F7094F3-0F6F-4655-96C8-49F2BB62D8CE}.Release|Any CPU.Build.0 = Release|Any CPU
		{573CDC2F-8BB7-4B93-9B81-322846E3BCC6}.Debug|Any CPU.ActiveCfg = Debug|Any CPU
		{573CDC2F-8BB7-4B93-9B81-322846E3BCC6}.Debug|Any CPU.Build.0 = Debug|Any CPU
		{573CDC2F-8BB7-4B93-9B81-322846E3BCC6}.Release|Any CPU.ActiveCfg = Release|Any CPU
		{573CDC2F-8BB7-4B93-9B81-322846E3BCC6}.Release|Any CPU.Build.0 = Release|Any CPU
		{206FDA1D-0A94-4222-A932-AD27FE6DABF7}.Debug|Any CPU.ActiveCfg = Debug|Any CPU
		{206FDA1D-0A94-4222-A932-AD27FE6DABF7}.Debug|Any CPU.Build.0 = Debug|Any CPU
		{206FDA1D-0A94-4222-A932-AD27FE6DABF7}.Release|Any CPU.ActiveCfg = Release|Any CPU
		{206FDA1D-0A94-4222-A932-AD27FE6DABF7}.Release|Any CPU.Build.0 = Release|Any CPU
		{C2B38A89-1FE7-4B00-A2C4-4CF6E7C7583A}.Debug|Any CPU.ActiveCfg = Debug|Any CPU
		{C2B38A89-1FE7-4B00-A2C4-4CF6E7C7583A}.Debug|Any CPU.Build.0 = Debug|Any CPU
		{C2B38A89-1FE7-4B00-A2C4-4CF6E7C7583A}.Release|Any CPU.ActiveCfg = Release|Any CPU
		{C2B38A89-1FE7-4B00-A2C4-4CF6E7C7583A}.Release|Any CPU.Build.0 = Release|Any CPU
		{023BB017-676C-4B89-9F14-007A89622F60}.Debug|Any CPU.ActiveCfg = Debug|Any CPU
		{023BB017-676C-4B89-9F14-007A89622F60}.Debug|Any CPU.Build.0 = Debug|Any CPU
		{023BB017-676C-4B89-9F14-007A89622F60}.Release|Any CPU.ActiveCfg = Release|Any CPU
		{023BB017-676C-4B89-9F14-007A89622F60}.Release|Any CPU.Build.0 = Release|Any CPU
		{40C2698C-9F9E-4D39-A6AE-5AFE3E766124}.Debug|Any CPU.ActiveCfg = Debug|Any CPU
		{40C2698C-9F9E-4D39-A6AE-5AFE3E766124}.Debug|Any CPU.Build.0 = Debug|Any CPU
		{40C2698C-9F9E-4D39-A6AE-5AFE3E766124}.Release|Any CPU.ActiveCfg = Release|Any CPU
		{40C2698C-9F9E-4D39-A6AE-5AFE3E766124}.Release|Any CPU.Build.0 = Release|Any CPU
		{31326371-2556-433F-AFDA-329C10DE2955}.Debug|Any CPU.ActiveCfg = Debug|Any CPU
		{31326371-2556-433F-AFDA-329C10DE2955}.Debug|Any CPU.Build.0 = Debug|Any CPU
		{31326371-2556-433F-AFDA-329C10DE2955}.Release|Any CPU.ActiveCfg = Release|Any CPU
		{31326371-2556-433F-AFDA-329C10DE2955}.Release|Any CPU.Build.0 = Release|Any CPU
		{7E607450-49BD-4425-A40D-E7AD944B1DBF}.Debug|Any CPU.ActiveCfg = Debug|Any CPU
		{7E607450-49BD-4425-A40D-E7AD944B1DBF}.Debug|Any CPU.Build.0 = Debug|Any CPU
		{7E607450-49BD-4425-A40D-E7AD944B1DBF}.Release|Any CPU.ActiveCfg = Release|Any CPU
		{7E607450-49BD-4425-A40D-E7AD944B1DBF}.Release|Any CPU.Build.0 = Release|Any CPU
		{D3034B89-21A1-4CBA-A53E-E6F3828C39F0}.Debug|Any CPU.ActiveCfg = Debug|Any CPU
		{D3034B89-21A1-4CBA-A53E-E6F3828C39F0}.Debug|Any CPU.Build.0 = Debug|Any CPU
		{D3034B89-21A1-4CBA-A53E-E6F3828C39F0}.Release|Any CPU.ActiveCfg = Release|Any CPU
		{D3034B89-21A1-4CBA-A53E-E6F3828C39F0}.Release|Any CPU.Build.0 = Release|Any CPU
		{2EE07EB2-120D-4E13-84CC-C10E9DE3E675}.Debug|Any CPU.ActiveCfg = Debug|Any CPU
		{2EE07EB2-120D-4E13-84CC-C10E9DE3E675}.Debug|Any CPU.Build.0 = Debug|Any CPU
		{2EE07EB2-120D-4E13-84CC-C10E9DE3E675}.Release|Any CPU.ActiveCfg = Release|Any CPU
		{2EE07EB2-120D-4E13-84CC-C10E9DE3E675}.Release|Any CPU.Build.0 = Release|Any CPU
		{23B6CFAD-D2BC-4C95-89C3-263F8DB4D503}.Debug|Any CPU.ActiveCfg = Debug|Any CPU
		{23B6CFAD-D2BC-4C95-89C3-263F8DB4D503}.Debug|Any CPU.Build.0 = Debug|Any CPU
		{23B6CFAD-D2BC-4C95-89C3-263F8DB4D503}.Release|Any CPU.ActiveCfg = Release|Any CPU
		{23B6CFAD-D2BC-4C95-89C3-263F8DB4D503}.Release|Any CPU.Build.0 = Release|Any CPU
		{196D50F2-F3A0-42A5-806A-14DD17501E1B}.Debug|Any CPU.ActiveCfg = Debug|Any CPU
		{196D50F2-F3A0-42A5-806A-14DD17501E1B}.Debug|Any CPU.Build.0 = Debug|Any CPU
		{196D50F2-F3A0-42A5-806A-14DD17501E1B}.Release|Any CPU.ActiveCfg = Release|Any CPU
		{196D50F2-F3A0-42A5-806A-14DD17501E1B}.Release|Any CPU.Build.0 = Release|Any CPU
		{A57EB5CE-9026-4B4D-9774-9C6FB3C4B1FA}.Debug|Any CPU.ActiveCfg = Debug|Any CPU
		{A57EB5CE-9026-4B4D-9774-9C6FB3C4B1FA}.Debug|Any CPU.Build.0 = Debug|Any CPU
		{A57EB5CE-9026-4B4D-9774-9C6FB3C4B1FA}.Release|Any CPU.ActiveCfg = Release|Any CPU
		{A57EB5CE-9026-4B4D-9774-9C6FB3C4B1FA}.Release|Any CPU.Build.0 = Release|Any CPU
		{7BAB34C8-C367-4DD2-9DD2-45E87621763C}.Debug|Any CPU.ActiveCfg = Debug|Any CPU
		{7BAB34C8-C367-4DD2-9DD2-45E87621763C}.Debug|Any CPU.Build.0 = Debug|Any CPU
		{7BAB34C8-C367-4DD2-9DD2-45E87621763C}.Release|Any CPU.ActiveCfg = Release|Any CPU
		{7BAB34C8-C367-4DD2-9DD2-45E87621763C}.Release|Any CPU.Build.0 = Release|Any CPU
		{28A153D4-7FC1-407F-810E-99A0E9EB5D12}.Debug|Any CPU.ActiveCfg = Debug|Any CPU
		{28A153D4-7FC1-407F-810E-99A0E9EB5D12}.Debug|Any CPU.Build.0 = Debug|Any CPU
		{28A153D4-7FC1-407F-810E-99A0E9EB5D12}.Release|Any CPU.ActiveCfg = Release|Any CPU
		{28A153D4-7FC1-407F-810E-99A0E9EB5D12}.Release|Any CPU.Build.0 = Release|Any CPU
		{2652557E-01EE-4FA9-AF33-D4C30C6196D3}.Debug|Any CPU.ActiveCfg = Debug|Any CPU
		{2652557E-01EE-4FA9-AF33-D4C30C6196D3}.Debug|Any CPU.Build.0 = Debug|Any CPU
		{2652557E-01EE-4FA9-AF33-D4C30C6196D3}.Release|Any CPU.ActiveCfg = Release|Any CPU
		{2652557E-01EE-4FA9-AF33-D4C30C6196D3}.Release|Any CPU.Build.0 = Release|Any CPU
		{3B32C20D-CE1C-4C6F-8493-7E41C0DE9E87}.Debug|Any CPU.ActiveCfg = Debug|Any CPU
		{3B32C20D-CE1C-4C6F-8493-7E41C0DE9E87}.Debug|Any CPU.Build.0 = Debug|Any CPU
		{3B32C20D-CE1C-4C6F-8493-7E41C0DE9E87}.Release|Any CPU.ActiveCfg = Release|Any CPU
		{3B32C20D-CE1C-4C6F-8493-7E41C0DE9E87}.Release|Any CPU.Build.0 = Release|Any CPU
	EndGlobalSection
	GlobalSection(SolutionProperties) = preSolution
		HideSolutionNode = FALSE
	EndGlobalSection
	GlobalSection(NestedProjects) = preSolution
		{F460082A-18AD-4ECA-83D0-8FF21EA87EAC} = {F3EA3704-BDA0-4378-9027-827EDA186F48}
		{E2F9895A-87F5-4325-8779-35EDA083C066} = {F3EA3704-BDA0-4378-9027-827EDA186F48}
		{55284AD6-302D-4E68-8372-F1BAAF538B9A} = {F3EA3704-BDA0-4378-9027-827EDA186F48}
		{B71D5106-AC18-4D67-811F-E0449858AEA1} = {7F2B90C3-4153-4B5E-A1A6-F1C5E696BB29}
		{550DC78F-CAAA-444D-A7B7-F7B93D83801D} = {7F2B90C3-4153-4B5E-A1A6-F1C5E696BB29}
		{5F7094F3-0F6F-4655-96C8-49F2BB62D8CE} = {A76B93E9-DBCC-4588-9EDA-AD8668792C5C}
		{573CDC2F-8BB7-4B93-9B81-322846E3BCC6} = {A76B93E9-DBCC-4588-9EDA-AD8668792C5C}
		{206FDA1D-0A94-4222-A932-AD27FE6DABF7} = {A76B93E9-DBCC-4588-9EDA-AD8668792C5C}
		{C2B38A89-1FE7-4B00-A2C4-4CF6E7C7583A} = {A76B93E9-DBCC-4588-9EDA-AD8668792C5C}
		{023BB017-676C-4B89-9F14-007A89622F60} = {F3EA3704-BDA0-4378-9027-827EDA186F48}
		{40C2698C-9F9E-4D39-A6AE-5AFE3E766124} = {15DB4B32-D406-4DF5-B13D-6506435319FD}
		{31326371-2556-433F-AFDA-329C10DE2955} = {0C3681E5-6A86-4EC3-8AA6-F20BA25BC667}
		{7E607450-49BD-4425-A40D-E7AD944B1DBF} = {15DB4B32-D406-4DF5-B13D-6506435319FD}
		{D3034B89-21A1-4CBA-A53E-E6F3828C39F0} = {0C3681E5-6A86-4EC3-8AA6-F20BA25BC667}
		{2EE07EB2-120D-4E13-84CC-C10E9DE3E675} = {97B4EF45-1E32-4089-BE2A-D97BB9E1B553}
		{23B6CFAD-D2BC-4C95-89C3-263F8DB4D503} = {31EE217A-6D1D-4481-B62E-593E81DEB6D9}
		{196D50F2-F3A0-42A5-806A-14DD17501E1B} = {F0963CE6-76F3-4222-B19C-E83A01E831B8}
		{A57EB5CE-9026-4B4D-9774-9C6FB3C4B1FA} = {A0C08CFE-48D7-4449-8AE4-16B63563E774}
		{7BAB34C8-C367-4DD2-9DD2-45E87621763C} = {595F1A88-82F8-4EB3-9DEF-A5A9268C20E6}
		{28A153D4-7FC1-407F-810E-99A0E9EB5D12} = {3E9E3FB1-574B-4A0B-9802-60C72F1F465C}
		{2652557E-01EE-4FA9-AF33-D4C30C6196D3} = {97B4EF45-1E32-4089-BE2A-D97BB9E1B553}
		{3B32C20D-CE1C-4C6F-8493-7E41C0DE9E87} = {31EE217A-6D1D-4481-B62E-593E81DEB6D9}
		{97B4EF45-1E32-4089-BE2A-D97BB9E1B553} = {F3EA3704-BDA0-4378-9027-827EDA186F48}
		{F0963CE6-76F3-4222-B19C-E83A01E831B8} = {F3EA3704-BDA0-4378-9027-827EDA186F48}
		{595F1A88-82F8-4EB3-9DEF-A5A9268C20E6} = {F3EA3704-BDA0-4378-9027-827EDA186F48}
		{31EE217A-6D1D-4481-B62E-593E81DEB6D9} = {A76B93E9-DBCC-4588-9EDA-AD8668792C5C}
		{A0C08CFE-48D7-4449-8AE4-16B63563E774} = {A76B93E9-DBCC-4588-9EDA-AD8668792C5C}
		{3E9E3FB1-574B-4A0B-9802-60C72F1F465C} = {A76B93E9-DBCC-4588-9EDA-AD8668792C5C}
		{7F2B90C3-4153-4B5E-A1A6-F1C5E696BB29} = {A76B93E9-DBCC-4588-9EDA-AD8668792C5C}
		{15DB4B32-D406-4DF5-B13D-6506435319FD} = {F3EA3704-BDA0-4378-9027-827EDA186F48}
		{0C3681E5-6A86-4EC3-8AA6-F20BA25BC667} = {A76B93E9-DBCC-4588-9EDA-AD8668792C5C}
	EndGlobalSection
	GlobalSection(ExtensibilityGlobals) = postSolution
		SolutionGuid = {7DA4FD44-32D4-4FE7-A05E-4C72D05F6476}
	EndGlobalSection
EndGlobal
