
Microsoft Visual Studio Solution File, Format Version 12.00
# Visual Studio Version 16
VisualStudioVersion = 16.0.29209.62
MinimumVisualStudioVersion = 10.0.40219.1
Project("{2150E333-8FDC-42A3-9474-1A3956D46DE8}") = "src", "src", "{38D4746C-6C90-41BB-8EDD-BFE49144320E}"
EndProject
Project("{2150E333-8FDC-42A3-9474-1A3956D46DE8}") = "tests", "tests", "{BF4E3ADF-9CB3-45D6-ABCA-8CC6258761AC}"
EndProject
Project("{9A19103F-16F7-4668-BE54-9A1E7A4F7556}") = "NHSD.BuyingCatalogue.API", "src\NHSD.BuyingCatalogue.API\NHSD.BuyingCatalogue.API.csproj", "{6D4ADEFD-E673-4238-A3A7-089E06104A16}"
EndProject
Project("{2150E333-8FDC-42A3-9474-1A3956D46DE8}") = "Solutions Items", "Solutions Items", "{0618B9B8-B0AC-42F7-8024-53A0FA3F1BBF}"
	ProjectSection(SolutionItems) = preProject
		.editorconfig = .editorconfig
		.env = .env
		docker-compose.development.yml = docker-compose.development.yml
		docker-compose.integration.yml = docker-compose.integration.yml
		docker-compose.production.yml = docker-compose.production.yml
		docker-compose.yml = docker-compose.yml
		Dockerfile = Dockerfile
	EndProjectSection
EndProject
Project("{9A19103F-16F7-4668-BE54-9A1E7A4F7556}") = "NHSD.BuyingCatalogue.API.UnitTests", "tests\NHSD.BuyingCatalogue.API.UnitTests\NHSD.BuyingCatalogue.API.UnitTests.csproj", "{F6E3EE51-7F18-440B-A882-3F6148068384}"
EndProject
Project("{9A19103F-16F7-4668-BE54-9A1E7A4F7556}") = "NHSD.BuyingCatalogue.Contracts", "src\NHSD.BuyingCatalogue.Contracts\NHSD.BuyingCatalogue.Contracts.csproj", "{1FD3123A-9A08-4D66-8C4F-46C081675B98}"
EndProject
Project("{9A19103F-16F7-4668-BE54-9A1E7A4F7556}") = "NHSD.BuyingCatalogue.Infrastructure", "src\NHSD.BuyingCatalogue.Infrastructure\NHSD.BuyingCatalogue.Infrastructure.csproj", "{C36C6664-CF9C-40A9-80F4-F492135156D0}"
EndProject
Project("{9A19103F-16F7-4668-BE54-9A1E7A4F7556}") = "NHSD.BuyingCatalogue.Infrastructure.Tests", "tests\NHSD.BuyingCatalogue.Infrastructure.Tests\NHSD.BuyingCatalogue.Infrastructure.Tests.csproj", "{0EC9DF4B-03AB-4BBA-BC5C-EA46916BE0A9}"
EndProject
Project("{9A19103F-16F7-4668-BE54-9A1E7A4F7556}") = "NHSD.BuyingCatalogue.Data", "src\NHSD.BuyingCatalogue.Data\NHSD.BuyingCatalogue.Data.csproj", "{905F8052-6057-4697-AE00-FA5B3492B7D4}"
EndProject
Project("{9A19103F-16F7-4668-BE54-9A1E7A4F7556}") = "NHSD.BuyingCatalogue.Data.Tests", "tests\NHSD.BuyingCatalogue.Data.Tests\NHSD.BuyingCatalogue.Data.Tests.csproj", "{4E7C4AD0-A1A5-4B7B-A4A1-9120485077F1}"
EndProject
Project("{9A19103F-16F7-4668-BE54-9A1E7A4F7556}") = "NHSD.BuyingCatalogue.Capabilities.API.UnitTests", "tests\NHSD.BuyingCatalogue.Capabilities.API.UnitTests\NHSD.BuyingCatalogue.Capabilities.API.UnitTests.csproj", "{E54CA71C-408D-4FD9-87E0-CD41C6F83ED3}"
EndProject
Project("{9A19103F-16F7-4668-BE54-9A1E7A4F7556}") = "NHSD.BuyingCatalogue.Capabilities.API", "src\NHSD.BuyingCatalogue.Capabilities.API\NHSD.BuyingCatalogue.Capabilities.API.csproj", "{4218A0A0-A243-4FBA-9085-622969BFA140}"
EndProject
Project("{9A19103F-16F7-4668-BE54-9A1E7A4F7556}") = "NHSD.BuyingCatalogue.Capabilities.Application", "src\NHSD.BuyingCatalogue.Capabilities.Application\NHSD.BuyingCatalogue.Capabilities.Application.csproj", "{92F583D5-177C-4C47-AEF1-122275056DEC}"
EndProject
Project("{9A19103F-16F7-4668-BE54-9A1E7A4F7556}") = "NHSD.BuyingCatalogue.Capabilities.Application.UnitTests", "tests\NHSD.BuyingCatalogue.Capabilities.Application.UnitTests\NHSD.BuyingCatalogue.Capabilities.Application.UnitTests.csproj", "{C34E98A1-0DE7-4AC5-A7CF-F571535CE1C7}"
EndProject
Project("{2150E333-8FDC-42A3-9474-1A3956D46DE8}") = "Capabilities", "Capabilities", "{2BC69E8C-9C0E-4D40-8840-07A87CDBB270}"
EndProject
Project("{2150E333-8FDC-42A3-9474-1A3956D46DE8}") = "Capabilities", "Capabilities", "{3434AA68-30C6-43D2-BCE4-8E7AB5A5A187}"
EndProject
Project("{2150E333-8FDC-42A3-9474-1A3956D46DE8}") = "Solutions", "Solutions", "{81166EBD-E7BB-4C24-8FBA-A77588282884}"
EndProject
Project("{2150E333-8FDC-42A3-9474-1A3956D46DE8}") = "Solutions", "Solutions", "{D12341EB-693A-437E-A192-A146F14DBAD7}"
EndProject
Project("{2150E333-8FDC-42A3-9474-1A3956D46DE8}") = "SolutionLists", "SolutionLists", "{A03BCB1D-3C89-46CB-BE97-9BC9721FFD5F}"
EndProject
Project("{2150E333-8FDC-42A3-9474-1A3956D46DE8}") = "SolutionLists", "SolutionLists", "{83AEF4B0-58A2-4A1E-9D4D-194CA10B3121}"
EndProject
Project("{2150E333-8FDC-42A3-9474-1A3956D46DE8}") = "Infrastructure", "Infrastructure", "{4D5ECECA-2D44-4470-8A1D-9FEE8B184F64}"
EndProject
Project("{2150E333-8FDC-42A3-9474-1A3956D46DE8}") = "Infrastructure", "Infrastructure", "{DE5F82DD-8AA8-4A50-80AD-9F655ED1C763}"
EndProject
Project("{9A19103F-16F7-4668-BE54-9A1E7A4F7556}") = "NHSD.BuyingCatalogue.SolutionLists.Application.UnitTests", "tests\NHSD.BuyingCatalogue.SolutionLists.Application.UnitTests\NHSD.BuyingCatalogue.SolutionLists.Application.UnitTests.csproj", "{77D37E49-CDCE-4605-9604-B29BC2D75F34}"
EndProject
Project("{9A19103F-16F7-4668-BE54-9A1E7A4F7556}") = "NHSD.BuyingCatalogue.Persistence.DatabaseTests", "tests\NHSD.BuyingCatalogue.Persistence.DatabaseTests\NHSD.BuyingCatalogue.Persistence.DatabaseTests.csproj", "{F18B7D88-C346-474C-9780-B0BEFDBFEEBA}"
EndProject
Project("{2150E333-8FDC-42A3-9474-1A3956D46DE8}") = "Tools", "Tools", "{DF7EAB23-5F9B-4BBD-BCFF-1F97152C1EAE}"
EndProject
Project("{9A19103F-16F7-4668-BE54-9A1E7A4F7556}") = "NHSD.BuyingCatalogue.Testing.Data", "tests\NHSD.BuyingCatalogue.Testing.Data\NHSD.BuyingCatalogue.Testing.Data.csproj", "{3BD101F5-5D72-441A-967A-638552B4523E}"
EndProject
Project("{9A19103F-16F7-4668-BE54-9A1E7A4F7556}") = "NHSD.BuyingCatalogue.Testing.Tools", "tests\NHSD.BuyingCatalogue.Testing.Tools\NHSD.BuyingCatalogue.Testing.Tools.csproj", "{61BDE006-BA99-46A1-AB96-4BDBF8E3D26A}"
EndProject
Project("{9A19103F-16F7-4668-BE54-9A1E7A4F7556}") = "NHSD.BuyingCatalogue.Solutions.API.UnitTests", "tests\NHSD.BuyingCatalogue.Solutions.API.UnitTests\NHSD.BuyingCatalogue.Solutions.API.UnitTests.csproj", "{E05CA21B-899D-48EA-A003-99CD27165B32}"
EndProject
Project("{9A19103F-16F7-4668-BE54-9A1E7A4F7556}") = "NHSD.BuyingCatalogue.Solutions.Application.UnitTests", "tests\NHSD.BuyingCatalogue.Solutions.Application.UnitTests\NHSD.BuyingCatalogue.Solutions.Application.UnitTests.csproj", "{6B92549A-3E08-4B8F-B5FB-864F6AA765E8}"
EndProject
Project("{9A19103F-16F7-4668-BE54-9A1E7A4F7556}") = "NHSD.BuyingCatalogue.Solutions.API", "src\NHSD.BuyingCatalogue.Solutions.API\NHSD.BuyingCatalogue.Solutions.API.csproj", "{59FC5F20-138E-415C-8D91-87AC675FD873}"
EndProject
Project("{9A19103F-16F7-4668-BE54-9A1E7A4F7556}") = "NHSD.BuyingCatalogue.Solutions.Application", "src\NHSD.BuyingCatalogue.Solutions.Application\NHSD.BuyingCatalogue.Solutions.Application.csproj", "{9A4AA000-E5A9-4BCE-A4EB-A33D5762898C}"
EndProject
Project("{9A19103F-16F7-4668-BE54-9A1E7A4F7556}") = "NHSD.BuyingCatalogue.SolutionLists.API", "src\NHSD.BuyingCatalogue.SolutionLists.API\NHSD.BuyingCatalogue.SolutionLists.API.csproj", "{4E548779-74E9-4580-AAF0-59D2761CA436}"
EndProject
Project("{9A19103F-16F7-4668-BE54-9A1E7A4F7556}") = "NHSD.BuyingCatalogue.SolutionLists.Application", "src\NHSD.BuyingCatalogue.SolutionLists.Application\NHSD.BuyingCatalogue.SolutionLists.Application.csproj", "{E048A122-1F50-4280-A4A7-BED247ADE0CB}"
EndProject
Project("{9A19103F-16F7-4668-BE54-9A1E7A4F7556}") = "NHSD.BuyingCatalogue.SolutionLists.API.UnitTests", "tests\NHSD.BuyingCatalogue.SolutionLists.API.UnitTests\NHSD.BuyingCatalogue.SolutionLists.API.UnitTests.csproj", "{198B640A-63AB-4848-B110-39A8FF082393}"
EndProject
Project("{9A19103F-16F7-4668-BE54-9A1E7A4F7556}") = "NHSD.BuyingCatalogue.Capabilities.Persistence", "src\NHSD.BuyingCatalogue.Capabilities.Persistence\NHSD.BuyingCatalogue.Capabilities.Persistence.csproj", "{9BD36075-BDE5-48F5-BEEC-E6D9088C85C6}"
EndProject
Project("{9A19103F-16F7-4668-BE54-9A1E7A4F7556}") = "NHSD.BuyingCatalogue.SolutionLists.Persistence", "src\NHSD.BuyingCatalogue.SolutionLists.Persistence\NHSD.BuyingCatalogue.SolutionLists.Persistence.csproj", "{4E87B594-339F-48D5-A8EF-B45E0E0D2C91}"
EndProject
Project("{9A19103F-16F7-4668-BE54-9A1E7A4F7556}") = "NHSD.BuyingCatalogue.Solutions.Persistence", "src\NHSD.BuyingCatalogue.Solutions.Persistence\NHSD.BuyingCatalogue.Solutions.Persistence.csproj", "{BD4A2B10-C21C-42A0-9ADA-1831390CED10}"
EndProject
Project("{9A19103F-16F7-4668-BE54-9A1E7A4F7556}") = "NHSD.BuyingCatalogue.Capabilities.Contracts", "src\NHSD.BuyingCatalogue.Capabilities.Contracts\NHSD.BuyingCatalogue.Capabilities.Contracts.csproj", "{3E3E1856-EFDF-4FBB-8435-2881EBD03BF3}"
EndProject
Project("{FAE04EC0-301F-11D3-BF4B-00C04F79EFBC}") = "NHSD.BuyingCatalogue.SolutionLists.Contracts", "src\NHSD.BuyingCatalogue.SolutionLists.Contracts\NHSD.BuyingCatalogue.SolutionLists.Contracts.csproj", "{EEC0BB0B-34DC-49C6-8DBD-954D522D8D4C}"
EndProject
Global
	GlobalSection(SolutionConfigurationPlatforms) = preSolution
		Debug|Any CPU = Debug|Any CPU
		Release|Any CPU = Release|Any CPU
	EndGlobalSection
	GlobalSection(ProjectConfigurationPlatforms) = postSolution
		{6D4ADEFD-E673-4238-A3A7-089E06104A16}.Debug|Any CPU.ActiveCfg = Debug|Any CPU
		{6D4ADEFD-E673-4238-A3A7-089E06104A16}.Debug|Any CPU.Build.0 = Debug|Any CPU
		{6D4ADEFD-E673-4238-A3A7-089E06104A16}.Release|Any CPU.ActiveCfg = Release|Any CPU
		{6D4ADEFD-E673-4238-A3A7-089E06104A16}.Release|Any CPU.Build.0 = Release|Any CPU
		{F6E3EE51-7F18-440B-A882-3F6148068384}.Debug|Any CPU.ActiveCfg = Debug|Any CPU
		{F6E3EE51-7F18-440B-A882-3F6148068384}.Debug|Any CPU.Build.0 = Debug|Any CPU
		{F6E3EE51-7F18-440B-A882-3F6148068384}.Release|Any CPU.ActiveCfg = Release|Any CPU
		{F6E3EE51-7F18-440B-A882-3F6148068384}.Release|Any CPU.Build.0 = Release|Any CPU
		{1FD3123A-9A08-4D66-8C4F-46C081675B98}.Debug|Any CPU.ActiveCfg = Debug|Any CPU
		{1FD3123A-9A08-4D66-8C4F-46C081675B98}.Debug|Any CPU.Build.0 = Debug|Any CPU
		{1FD3123A-9A08-4D66-8C4F-46C081675B98}.Release|Any CPU.ActiveCfg = Release|Any CPU
		{1FD3123A-9A08-4D66-8C4F-46C081675B98}.Release|Any CPU.Build.0 = Release|Any CPU
		{C36C6664-CF9C-40A9-80F4-F492135156D0}.Debug|Any CPU.ActiveCfg = Debug|Any CPU
		{C36C6664-CF9C-40A9-80F4-F492135156D0}.Debug|Any CPU.Build.0 = Debug|Any CPU
		{C36C6664-CF9C-40A9-80F4-F492135156D0}.Release|Any CPU.ActiveCfg = Release|Any CPU
		{C36C6664-CF9C-40A9-80F4-F492135156D0}.Release|Any CPU.Build.0 = Release|Any CPU
		{0EC9DF4B-03AB-4BBA-BC5C-EA46916BE0A9}.Debug|Any CPU.ActiveCfg = Debug|Any CPU
		{0EC9DF4B-03AB-4BBA-BC5C-EA46916BE0A9}.Debug|Any CPU.Build.0 = Debug|Any CPU
		{0EC9DF4B-03AB-4BBA-BC5C-EA46916BE0A9}.Release|Any CPU.ActiveCfg = Release|Any CPU
		{0EC9DF4B-03AB-4BBA-BC5C-EA46916BE0A9}.Release|Any CPU.Build.0 = Release|Any CPU
		{905F8052-6057-4697-AE00-FA5B3492B7D4}.Debug|Any CPU.ActiveCfg = Debug|Any CPU
		{905F8052-6057-4697-AE00-FA5B3492B7D4}.Debug|Any CPU.Build.0 = Debug|Any CPU
		{905F8052-6057-4697-AE00-FA5B3492B7D4}.Release|Any CPU.ActiveCfg = Release|Any CPU
		{905F8052-6057-4697-AE00-FA5B3492B7D4}.Release|Any CPU.Build.0 = Release|Any CPU
		{4E7C4AD0-A1A5-4B7B-A4A1-9120485077F1}.Debug|Any CPU.ActiveCfg = Debug|Any CPU
		{4E7C4AD0-A1A5-4B7B-A4A1-9120485077F1}.Debug|Any CPU.Build.0 = Debug|Any CPU
		{4E7C4AD0-A1A5-4B7B-A4A1-9120485077F1}.Release|Any CPU.ActiveCfg = Release|Any CPU
		{4E7C4AD0-A1A5-4B7B-A4A1-9120485077F1}.Release|Any CPU.Build.0 = Release|Any CPU
		{E54CA71C-408D-4FD9-87E0-CD41C6F83ED3}.Debug|Any CPU.ActiveCfg = Debug|Any CPU
		{E54CA71C-408D-4FD9-87E0-CD41C6F83ED3}.Debug|Any CPU.Build.0 = Debug|Any CPU
		{E54CA71C-408D-4FD9-87E0-CD41C6F83ED3}.Release|Any CPU.ActiveCfg = Release|Any CPU
		{E54CA71C-408D-4FD9-87E0-CD41C6F83ED3}.Release|Any CPU.Build.0 = Release|Any CPU
		{4218A0A0-A243-4FBA-9085-622969BFA140}.Debug|Any CPU.ActiveCfg = Debug|Any CPU
		{4218A0A0-A243-4FBA-9085-622969BFA140}.Debug|Any CPU.Build.0 = Debug|Any CPU
		{4218A0A0-A243-4FBA-9085-622969BFA140}.Release|Any CPU.ActiveCfg = Release|Any CPU
		{4218A0A0-A243-4FBA-9085-622969BFA140}.Release|Any CPU.Build.0 = Release|Any CPU
		{92F583D5-177C-4C47-AEF1-122275056DEC}.Debug|Any CPU.ActiveCfg = Debug|Any CPU
		{92F583D5-177C-4C47-AEF1-122275056DEC}.Debug|Any CPU.Build.0 = Debug|Any CPU
		{92F583D5-177C-4C47-AEF1-122275056DEC}.Release|Any CPU.ActiveCfg = Release|Any CPU
		{92F583D5-177C-4C47-AEF1-122275056DEC}.Release|Any CPU.Build.0 = Release|Any CPU
		{C34E98A1-0DE7-4AC5-A7CF-F571535CE1C7}.Debug|Any CPU.ActiveCfg = Debug|Any CPU
		{C34E98A1-0DE7-4AC5-A7CF-F571535CE1C7}.Debug|Any CPU.Build.0 = Debug|Any CPU
		{C34E98A1-0DE7-4AC5-A7CF-F571535CE1C7}.Release|Any CPU.ActiveCfg = Release|Any CPU
		{C34E98A1-0DE7-4AC5-A7CF-F571535CE1C7}.Release|Any CPU.Build.0 = Release|Any CPU
		{77D37E49-CDCE-4605-9604-B29BC2D75F34}.Debug|Any CPU.ActiveCfg = Debug|Any CPU
		{77D37E49-CDCE-4605-9604-B29BC2D75F34}.Debug|Any CPU.Build.0 = Debug|Any CPU
		{77D37E49-CDCE-4605-9604-B29BC2D75F34}.Release|Any CPU.ActiveCfg = Release|Any CPU
		{77D37E49-CDCE-4605-9604-B29BC2D75F34}.Release|Any CPU.Build.0 = Release|Any CPU
		{F18B7D88-C346-474C-9780-B0BEFDBFEEBA}.Debug|Any CPU.ActiveCfg = Debug|Any CPU
		{F18B7D88-C346-474C-9780-B0BEFDBFEEBA}.Debug|Any CPU.Build.0 = Debug|Any CPU
		{F18B7D88-C346-474C-9780-B0BEFDBFEEBA}.Release|Any CPU.ActiveCfg = Release|Any CPU
		{F18B7D88-C346-474C-9780-B0BEFDBFEEBA}.Release|Any CPU.Build.0 = Release|Any CPU
		{3BD101F5-5D72-441A-967A-638552B4523E}.Debug|Any CPU.ActiveCfg = Debug|Any CPU
		{3BD101F5-5D72-441A-967A-638552B4523E}.Debug|Any CPU.Build.0 = Debug|Any CPU
		{3BD101F5-5D72-441A-967A-638552B4523E}.Release|Any CPU.ActiveCfg = Release|Any CPU
		{3BD101F5-5D72-441A-967A-638552B4523E}.Release|Any CPU.Build.0 = Release|Any CPU
		{61BDE006-BA99-46A1-AB96-4BDBF8E3D26A}.Debug|Any CPU.ActiveCfg = Debug|Any CPU
		{61BDE006-BA99-46A1-AB96-4BDBF8E3D26A}.Debug|Any CPU.Build.0 = Debug|Any CPU
		{61BDE006-BA99-46A1-AB96-4BDBF8E3D26A}.Release|Any CPU.ActiveCfg = Release|Any CPU
		{61BDE006-BA99-46A1-AB96-4BDBF8E3D26A}.Release|Any CPU.Build.0 = Release|Any CPU
		{E05CA21B-899D-48EA-A003-99CD27165B32}.Debug|Any CPU.ActiveCfg = Debug|Any CPU
		{E05CA21B-899D-48EA-A003-99CD27165B32}.Debug|Any CPU.Build.0 = Debug|Any CPU
		{E05CA21B-899D-48EA-A003-99CD27165B32}.Release|Any CPU.ActiveCfg = Release|Any CPU
		{E05CA21B-899D-48EA-A003-99CD27165B32}.Release|Any CPU.Build.0 = Release|Any CPU
		{6B92549A-3E08-4B8F-B5FB-864F6AA765E8}.Debug|Any CPU.ActiveCfg = Debug|Any CPU
		{6B92549A-3E08-4B8F-B5FB-864F6AA765E8}.Debug|Any CPU.Build.0 = Debug|Any CPU
		{6B92549A-3E08-4B8F-B5FB-864F6AA765E8}.Release|Any CPU.ActiveCfg = Release|Any CPU
		{6B92549A-3E08-4B8F-B5FB-864F6AA765E8}.Release|Any CPU.Build.0 = Release|Any CPU
		{59FC5F20-138E-415C-8D91-87AC675FD873}.Debug|Any CPU.ActiveCfg = Debug|Any CPU
		{59FC5F20-138E-415C-8D91-87AC675FD873}.Debug|Any CPU.Build.0 = Debug|Any CPU
		{59FC5F20-138E-415C-8D91-87AC675FD873}.Release|Any CPU.ActiveCfg = Release|Any CPU
		{59FC5F20-138E-415C-8D91-87AC675FD873}.Release|Any CPU.Build.0 = Release|Any CPU
		{9A4AA000-E5A9-4BCE-A4EB-A33D5762898C}.Debug|Any CPU.ActiveCfg = Debug|Any CPU
		{9A4AA000-E5A9-4BCE-A4EB-A33D5762898C}.Debug|Any CPU.Build.0 = Debug|Any CPU
		{9A4AA000-E5A9-4BCE-A4EB-A33D5762898C}.Release|Any CPU.ActiveCfg = Release|Any CPU
		{9A4AA000-E5A9-4BCE-A4EB-A33D5762898C}.Release|Any CPU.Build.0 = Release|Any CPU
		{4E548779-74E9-4580-AAF0-59D2761CA436}.Debug|Any CPU.ActiveCfg = Debug|Any CPU
		{4E548779-74E9-4580-AAF0-59D2761CA436}.Debug|Any CPU.Build.0 = Debug|Any CPU
		{4E548779-74E9-4580-AAF0-59D2761CA436}.Release|Any CPU.ActiveCfg = Release|Any CPU
		{4E548779-74E9-4580-AAF0-59D2761CA436}.Release|Any CPU.Build.0 = Release|Any CPU
		{E048A122-1F50-4280-A4A7-BED247ADE0CB}.Debug|Any CPU.ActiveCfg = Debug|Any CPU
		{E048A122-1F50-4280-A4A7-BED247ADE0CB}.Debug|Any CPU.Build.0 = Debug|Any CPU
		{E048A122-1F50-4280-A4A7-BED247ADE0CB}.Release|Any CPU.ActiveCfg = Release|Any CPU
		{E048A122-1F50-4280-A4A7-BED247ADE0CB}.Release|Any CPU.Build.0 = Release|Any CPU
		{198B640A-63AB-4848-B110-39A8FF082393}.Debug|Any CPU.ActiveCfg = Debug|Any CPU
		{198B640A-63AB-4848-B110-39A8FF082393}.Debug|Any CPU.Build.0 = Debug|Any CPU
		{198B640A-63AB-4848-B110-39A8FF082393}.Release|Any CPU.ActiveCfg = Release|Any CPU
		{198B640A-63AB-4848-B110-39A8FF082393}.Release|Any CPU.Build.0 = Release|Any CPU
		{9BD36075-BDE5-48F5-BEEC-E6D9088C85C6}.Debug|Any CPU.ActiveCfg = Debug|Any CPU
		{9BD36075-BDE5-48F5-BEEC-E6D9088C85C6}.Debug|Any CPU.Build.0 = Debug|Any CPU
		{9BD36075-BDE5-48F5-BEEC-E6D9088C85C6}.Release|Any CPU.ActiveCfg = Release|Any CPU
		{9BD36075-BDE5-48F5-BEEC-E6D9088C85C6}.Release|Any CPU.Build.0 = Release|Any CPU
		{4E87B594-339F-48D5-A8EF-B45E0E0D2C91}.Debug|Any CPU.ActiveCfg = Debug|Any CPU
		{4E87B594-339F-48D5-A8EF-B45E0E0D2C91}.Debug|Any CPU.Build.0 = Debug|Any CPU
		{4E87B594-339F-48D5-A8EF-B45E0E0D2C91}.Release|Any CPU.ActiveCfg = Release|Any CPU
		{4E87B594-339F-48D5-A8EF-B45E0E0D2C91}.Release|Any CPU.Build.0 = Release|Any CPU
		{BD4A2B10-C21C-42A0-9ADA-1831390CED10}.Debug|Any CPU.ActiveCfg = Debug|Any CPU
		{BD4A2B10-C21C-42A0-9ADA-1831390CED10}.Debug|Any CPU.Build.0 = Debug|Any CPU
		{BD4A2B10-C21C-42A0-9ADA-1831390CED10}.Release|Any CPU.ActiveCfg = Release|Any CPU
		{BD4A2B10-C21C-42A0-9ADA-1831390CED10}.Release|Any CPU.Build.0 = Release|Any CPU
		{3E3E1856-EFDF-4FBB-8435-2881EBD03BF3}.Debug|Any CPU.ActiveCfg = Debug|Any CPU
		{3E3E1856-EFDF-4FBB-8435-2881EBD03BF3}.Debug|Any CPU.Build.0 = Debug|Any CPU
		{3E3E1856-EFDF-4FBB-8435-2881EBD03BF3}.Release|Any CPU.ActiveCfg = Release|Any CPU
		{3E3E1856-EFDF-4FBB-8435-2881EBD03BF3}.Release|Any CPU.Build.0 = Release|Any CPU
		{EEC0BB0B-34DC-49C6-8DBD-954D522D8D4C}.Debug|Any CPU.ActiveCfg = Debug|Any CPU
		{EEC0BB0B-34DC-49C6-8DBD-954D522D8D4C}.Debug|Any CPU.Build.0 = Debug|Any CPU
		{EEC0BB0B-34DC-49C6-8DBD-954D522D8D4C}.Release|Any CPU.ActiveCfg = Release|Any CPU
		{EEC0BB0B-34DC-49C6-8DBD-954D522D8D4C}.Release|Any CPU.Build.0 = Release|Any CPU
	EndGlobalSection
	GlobalSection(SolutionProperties) = preSolution
		HideSolutionNode = FALSE
	EndGlobalSection
	GlobalSection(NestedProjects) = preSolution
		{6D4ADEFD-E673-4238-A3A7-089E06104A16} = {38D4746C-6C90-41BB-8EDD-BFE49144320E}
		{F6E3EE51-7F18-440B-A882-3F6148068384} = {BF4E3ADF-9CB3-45D6-ABCA-8CC6258761AC}
		{1FD3123A-9A08-4D66-8C4F-46C081675B98} = {38D4746C-6C90-41BB-8EDD-BFE49144320E}
		{C36C6664-CF9C-40A9-80F4-F492135156D0} = {4D5ECECA-2D44-4470-8A1D-9FEE8B184F64}
		{0EC9DF4B-03AB-4BBA-BC5C-EA46916BE0A9} = {DE5F82DD-8AA8-4A50-80AD-9F655ED1C763}
		{905F8052-6057-4697-AE00-FA5B3492B7D4} = {4D5ECECA-2D44-4470-8A1D-9FEE8B184F64}
		{4E7C4AD0-A1A5-4B7B-A4A1-9120485077F1} = {DE5F82DD-8AA8-4A50-80AD-9F655ED1C763}
		{E54CA71C-408D-4FD9-87E0-CD41C6F83ED3} = {3434AA68-30C6-43D2-BCE4-8E7AB5A5A187}
		{4218A0A0-A243-4FBA-9085-622969BFA140} = {2BC69E8C-9C0E-4D40-8840-07A87CDBB270}
		{92F583D5-177C-4C47-AEF1-122275056DEC} = {2BC69E8C-9C0E-4D40-8840-07A87CDBB270}
		{C34E98A1-0DE7-4AC5-A7CF-F571535CE1C7} = {3434AA68-30C6-43D2-BCE4-8E7AB5A5A187}
		{2BC69E8C-9C0E-4D40-8840-07A87CDBB270} = {38D4746C-6C90-41BB-8EDD-BFE49144320E}
		{3434AA68-30C6-43D2-BCE4-8E7AB5A5A187} = {BF4E3ADF-9CB3-45D6-ABCA-8CC6258761AC}
		{81166EBD-E7BB-4C24-8FBA-A77588282884} = {38D4746C-6C90-41BB-8EDD-BFE49144320E}
		{D12341EB-693A-437E-A192-A146F14DBAD7} = {BF4E3ADF-9CB3-45D6-ABCA-8CC6258761AC}
		{A03BCB1D-3C89-46CB-BE97-9BC9721FFD5F} = {38D4746C-6C90-41BB-8EDD-BFE49144320E}
		{83AEF4B0-58A2-4A1E-9D4D-194CA10B3121} = {BF4E3ADF-9CB3-45D6-ABCA-8CC6258761AC}
		{4D5ECECA-2D44-4470-8A1D-9FEE8B184F64} = {38D4746C-6C90-41BB-8EDD-BFE49144320E}
		{DE5F82DD-8AA8-4A50-80AD-9F655ED1C763} = {BF4E3ADF-9CB3-45D6-ABCA-8CC6258761AC}
		{77D37E49-CDCE-4605-9604-B29BC2D75F34} = {83AEF4B0-58A2-4A1E-9D4D-194CA10B3121}
		{F18B7D88-C346-474C-9780-B0BEFDBFEEBA} = {BF4E3ADF-9CB3-45D6-ABCA-8CC6258761AC}
		{DF7EAB23-5F9B-4BBD-BCFF-1F97152C1EAE} = {BF4E3ADF-9CB3-45D6-ABCA-8CC6258761AC}
		{3BD101F5-5D72-441A-967A-638552B4523E} = {DF7EAB23-5F9B-4BBD-BCFF-1F97152C1EAE}
		{61BDE006-BA99-46A1-AB96-4BDBF8E3D26A} = {DF7EAB23-5F9B-4BBD-BCFF-1F97152C1EAE}
		{E05CA21B-899D-48EA-A003-99CD27165B32} = {D12341EB-693A-437E-A192-A146F14DBAD7}
		{6B92549A-3E08-4B8F-B5FB-864F6AA765E8} = {D12341EB-693A-437E-A192-A146F14DBAD7}
		{59FC5F20-138E-415C-8D91-87AC675FD873} = {81166EBD-E7BB-4C24-8FBA-A77588282884}
		{9A4AA000-E5A9-4BCE-A4EB-A33D5762898C} = {81166EBD-E7BB-4C24-8FBA-A77588282884}
		{4E548779-74E9-4580-AAF0-59D2761CA436} = {A03BCB1D-3C89-46CB-BE97-9BC9721FFD5F}
		{E048A122-1F50-4280-A4A7-BED247ADE0CB} = {A03BCB1D-3C89-46CB-BE97-9BC9721FFD5F}
		{198B640A-63AB-4848-B110-39A8FF082393} = {83AEF4B0-58A2-4A1E-9D4D-194CA10B3121}
		{9BD36075-BDE5-48F5-BEEC-E6D9088C85C6} = {2BC69E8C-9C0E-4D40-8840-07A87CDBB270}
		{4E87B594-339F-48D5-A8EF-B45E0E0D2C91} = {A03BCB1D-3C89-46CB-BE97-9BC9721FFD5F}
		{BD4A2B10-C21C-42A0-9ADA-1831390CED10} = {81166EBD-E7BB-4C24-8FBA-A77588282884}
		{3E3E1856-EFDF-4FBB-8435-2881EBD03BF3} = {2BC69E8C-9C0E-4D40-8840-07A87CDBB270}
		{EEC0BB0B-34DC-49C6-8DBD-954D522D8D4C} = {A03BCB1D-3C89-46CB-BE97-9BC9721FFD5F}
	EndGlobalSection
	GlobalSection(ExtensibilityGlobals) = postSolution
		SolutionGuid = {B5E5ECC8-5558-45B1-83AC-F557B4DC8C57}
	EndGlobalSection
EndGlobal
