
Microsoft Visual Studio Solution File, Format Version 12.00
# Visual Studio Version 16
VisualStudioVersion = 16.0.29209.62
MinimumVisualStudioVersion = 10.0.40219.1
Project("{2150E333-8FDC-42A3-9474-1A3956D46DE8}") = "src", "src", "{38D4746C-6C90-41BB-8EDD-BFE49144320E}"
EndProject
Project("{2150E333-8FDC-42A3-9474-1A3956D46DE8}") = "tests", "tests", "{BF4E3ADF-9CB3-45D6-ABCA-8CC6258761AC}"
EndProject
Project("{9A19103F-16F7-4668-BE54-9A1E7A4F7556}") = "NHSD.BuyingCatalogue.API", "src\NHSD.BuyingCatalogue.API\NHSD.BuyingCatalogue.API.csproj", "{6D4ADEFD-E673-4238-A3A7-089E06104A16}"
EndProject
Project("{9A19103F-16F7-4668-BE54-9A1E7A4F7556}") = "NHSD.BuyingCatalogue.Application.UnitTests", "tests\NHSD.BuyingCatalogue.Application.UnitTests\NHSD.BuyingCatalogue.Application.UnitTests.csproj", "{D6E8B9C8-C7D7-4A48-B582-87B76CC180E3}"
EndProject
Project("{9A19103F-16F7-4668-BE54-9A1E7A4F7556}") = "NHSD.BuyingCatalogue.Application", "src\NHSD.BuyingCatalogue.Application\NHSD.BuyingCatalogue.Application.csproj", "{51A4C2FF-14F7-4F55-B276-00F0367B55F8}"
EndProject
Project("{9A19103F-16F7-4668-BE54-9A1E7A4F7556}") = "NHSD.BuyingCatalogue.Persistence", "src\NHSD.BuyingCatalogue.Persistence\NHSD.BuyingCatalogue.Persistence.csproj", "{798DC232-7A6F-41D1-977B-C435591013B8}"
EndProject
Project("{9A19103F-16F7-4668-BE54-9A1E7A4F7556}") = "NHSD.BuyingCatalogue.Capabilities.API", "src\NHSD.BuyingCatalogue.Capabilities.API\NHSD.BuyingCatalogue.Capabilities.API.UnitTests.csproj", "{6712eb08-ff54-4ae2-adba-6268bd71beda}"
EndProject
Project("{2150E333-8FDC-42A3-9474-1A3956D46DE8}") = "Solutions Items", "Solutions Items", "{0618B9B8-B0AC-42F7-8024-53A0FA3F1BBF}"
	ProjectSection(SolutionItems) = preProject
		.editorconfig = .editorconfig
		.env = .env
		docker-compose.development.yml = docker-compose.development.yml
		docker-compose.integration.yml = docker-compose.integration.yml
		docker-compose.production.yml = docker-compose.production.yml
		docker-compose.yml = docker-compose.yml
		Dockerfile = Dockerfile
	EndProjectSection
EndProject
Project("{9A19103F-16F7-4668-BE54-9A1E7A4F7556}") = "NHSD.BuyingCatalogue.API.UnitTests", "tests\NHSD.BuyingCatalogue.API.UnitTests\NHSD.BuyingCatalogue.API.UnitTests.csproj", "{F6E3EE51-7F18-440B-A882-3F6148068384}"
EndProject
Project("{9A19103F-16F7-4668-BE54-9A1E7A4F7556}") = "NHSD.BuyingCatalogue.Contracts", "src\NHSD.BuyingCatalogue.Contracts\NHSD.BuyingCatalogue.Contracts.csproj", "{1FD3123A-9A08-4D66-8C4F-46C081675B98}"
EndProject
Project("{9A19103F-16F7-4668-BE54-9A1E7A4F7556}") = "NHSD.BuyingCatalogue.Infrastructure", "src\NHSD.BuyingCatalogue.Infrastructure\NHSD.BuyingCatalogue.Infrastructure.csproj", "{C36C6664-CF9C-40A9-80F4-F492135156D0}"
EndProject
Project("{9A19103F-16F7-4668-BE54-9A1E7A4F7556}") = "NHSD.BuyingCatalogue.Infrastructure.Tests", "tests\NHSD.BuyingCatalogue.Infrastructure.Tests\NHSD.BuyingCatalogue.Infrastructure.Tests.csproj", "{0EC9DF4B-03AB-4BBA-BC5C-EA46916BE0A9}"
EndProject
Project("{9A19103F-16F7-4668-BE54-9A1E7A4F7556}") = "NHSD.BuyingCatalogue.Data", "src\NHSD.BuyingCatalogue.Data\NHSD.BuyingCatalogue.Data.csproj", "{905F8052-6057-4697-AE00-FA5B3492B7D4}"
EndProject
Project("{9A19103F-16F7-4668-BE54-9A1E7A4F7556}") = "NHSD.BuyingCatalogue.Data.Tests", "tests\NHSD.BuyingCatalogue.Data.Tests\NHSD.BuyingCatalogue.Data.Tests.csproj", "{4E7C4AD0-A1A5-4B7B-A4A1-9120485077F1}"
EndProject
Project("{9A19103F-16F7-4668-BE54-9A1E7A4F7556}") = "NHSD.BuyingCatalogue.Capabilities.API.UnitTests", "tests\NHSD.BuyingCatalogue.Capabilities.API.UnitTests\NHSD.BuyingCatalogue.Capabilities.API.UnitTests.csproj", "{6712eb08-ff54-4ae2-adba-6268bd71beda}"
EndProject
Global
	GlobalSection(SolutionConfigurationPlatforms) = preSolution
		Debug|Any CPU = Debug|Any CPU
		Release|Any CPU = Release|Any CPU
	EndGlobalSection
	GlobalSection(ProjectConfigurationPlatforms) = postSolution
		{6D4ADEFD-E673-4238-A3A7-089E06104A16}.Debug|Any CPU.ActiveCfg = Debug|Any CPU
		{6D4ADEFD-E673-4238-A3A7-089E06104A16}.Debug|Any CPU.Build.0 = Debug|Any CPU
		{6D4ADEFD-E673-4238-A3A7-089E06104A16}.Release|Any CPU.ActiveCfg = Release|Any CPU
		{6D4ADEFD-E673-4238-A3A7-089E06104A16}.Release|Any CPU.Build.0 = Release|Any CPU
		{D6E8B9C8-C7D7-4A48-B582-87B76CC180E3}.Debug|Any CPU.ActiveCfg = Debug|Any CPU
		{D6E8B9C8-C7D7-4A48-B582-87B76CC180E3}.Debug|Any CPU.Build.0 = Debug|Any CPU
		{D6E8B9C8-C7D7-4A48-B582-87B76CC180E3}.Release|Any CPU.ActiveCfg = Release|Any CPU
		{D6E8B9C8-C7D7-4A48-B582-87B76CC180E3}.Release|Any CPU.Build.0 = Release|Any CPU
		{51A4C2FF-14F7-4F55-B276-00F0367B55F8}.Debug|Any CPU.ActiveCfg = Debug|Any CPU
		{51A4C2FF-14F7-4F55-B276-00F0367B55F8}.Debug|Any CPU.Build.0 = Debug|Any CPU
		{51A4C2FF-14F7-4F55-B276-00F0367B55F8}.Release|Any CPU.ActiveCfg = Release|Any CPU
		{51A4C2FF-14F7-4F55-B276-00F0367B55F8}.Release|Any CPU.Build.0 = Release|Any CPU
		{798DC232-7A6F-41D1-977B-C435591013B8}.Debug|Any CPU.ActiveCfg = Debug|Any CPU
		{798DC232-7A6F-41D1-977B-C435591013B8}.Debug|Any CPU.Build.0 = Debug|Any CPU
		{798DC232-7A6F-41D1-977B-C435591013B8}.Release|Any CPU.ActiveCfg = Release|Any CPU
		{798DC232-7A6F-41D1-977B-C435591013B8}.Release|Any CPU.Build.0 = Release|Any CPU
		{F6E3EE51-7F18-440B-A882-3F6148068384}.Debug|Any CPU.ActiveCfg = Debug|Any CPU
		{F6E3EE51-7F18-440B-A882-3F6148068384}.Debug|Any CPU.Build.0 = Debug|Any CPU
		{F6E3EE51-7F18-440B-A882-3F6148068384}.Release|Any CPU.ActiveCfg = Release|Any CPU
		{F6E3EE51-7F18-440B-A882-3F6148068384}.Release|Any CPU.Build.0 = Release|Any CPU
		{1FD3123A-9A08-4D66-8C4F-46C081675B98}.Debug|Any CPU.ActiveCfg = Debug|Any CPU
		{1FD3123A-9A08-4D66-8C4F-46C081675B98}.Debug|Any CPU.Build.0 = Debug|Any CPU
		{1FD3123A-9A08-4D66-8C4F-46C081675B98}.Release|Any CPU.ActiveCfg = Release|Any CPU
		{1FD3123A-9A08-4D66-8C4F-46C081675B98}.Release|Any CPU.Build.0 = Release|Any CPU
		{C36C6664-CF9C-40A9-80F4-F492135156D0}.Debug|Any CPU.ActiveCfg = Debug|Any CPU
		{C36C6664-CF9C-40A9-80F4-F492135156D0}.Debug|Any CPU.Build.0 = Debug|Any CPU
		{C36C6664-CF9C-40A9-80F4-F492135156D0}.Release|Any CPU.ActiveCfg = Release|Any CPU
		{C36C6664-CF9C-40A9-80F4-F492135156D0}.Release|Any CPU.Build.0 = Release|Any CPU
		{0EC9DF4B-03AB-4BBA-BC5C-EA46916BE0A9}.Debug|Any CPU.ActiveCfg = Debug|Any CPU
		{0EC9DF4B-03AB-4BBA-BC5C-EA46916BE0A9}.Debug|Any CPU.Build.0 = Debug|Any CPU
		{0EC9DF4B-03AB-4BBA-BC5C-EA46916BE0A9}.Release|Any CPU.ActiveCfg = Release|Any CPU
		{0EC9DF4B-03AB-4BBA-BC5C-EA46916BE0A9}.Release|Any CPU.Build.0 = Release|Any CPU
		{905F8052-6057-4697-AE00-FA5B3492B7D4}.Debug|Any CPU.ActiveCfg = Debug|Any CPU
		{905F8052-6057-4697-AE00-FA5B3492B7D4}.Debug|Any CPU.Build.0 = Debug|Any CPU
		{905F8052-6057-4697-AE00-FA5B3492B7D4}.Release|Any CPU.ActiveCfg = Release|Any CPU
		{905F8052-6057-4697-AE00-FA5B3492B7D4}.Release|Any CPU.Build.0 = Release|Any CPU
		{4E7C4AD0-A1A5-4B7B-A4A1-9120485077F1}.Debug|Any CPU.ActiveCfg = Debug|Any CPU
		{4E7C4AD0-A1A5-4B7B-A4A1-9120485077F1}.Debug|Any CPU.Build.0 = Debug|Any CPU
		{4E7C4AD0-A1A5-4B7B-A4A1-9120485077F1}.Release|Any CPU.ActiveCfg = Release|Any CPU
		{4E7C4AD0-A1A5-4B7B-A4A1-9120485077F1}.Release|Any CPU.Build.0 = Release|Any CPU
		{6712eb08-ff54-4ae2-adba-6268bd71beda}.Debug|Any CPU.ActiveCfg = Debug|Any CPU
		{6712eb08-ff54-4ae2-adba-6268bd71beda}.Debug|Any CPU.Build.0 = Debug|Any CPU
		{6712eb08-ff54-4ae2-adba-6268bd71beda}.Release|Any CPU.ActiveCfg = Release|Any CPU
		{6712eb08-ff54-4ae2-adba-6268bd71beda}.Release|Any CPU.Build.0 = Release|Any CPU
	EndGlobalSection
	GlobalSection(SolutionProperties) = preSolution
		HideSolutionNode = FALSE
	EndGlobalSection
	GlobalSection(NestedProjects) = preSolution
		{6D4ADEFD-E673-4238-A3A7-089E06104A16} = {38D4746C-6C90-41BB-8EDD-BFE49144320E}
		{D6E8B9C8-C7D7-4A48-B582-87B76CC180E3} = {BF4E3ADF-9CB3-45D6-ABCA-8CC6258761AC}
		{51A4C2FF-14F7-4F55-B276-00F0367B55F8} = {38D4746C-6C90-41BB-8EDD-BFE49144320E}
		{798DC232-7A6F-41D1-977B-C435591013B8} = {38D4746C-6C90-41BB-8EDD-BFE49144320E}
		{F6E3EE51-7F18-440B-A882-3F6148068384} = {BF4E3ADF-9CB3-45D6-ABCA-8CC6258761AC}
		{1FD3123A-9A08-4D66-8C4F-46C081675B98} = {38D4746C-6C90-41BB-8EDD-BFE49144320E}
		{C36C6664-CF9C-40A9-80F4-F492135156D0} = {38D4746C-6C90-41BB-8EDD-BFE49144320E}
		{0EC9DF4B-03AB-4BBA-BC5C-EA46916BE0A9} = {BF4E3ADF-9CB3-45D6-ABCA-8CC6258761AC}
		{905F8052-6057-4697-AE00-FA5B3492B7D4} = {38D4746C-6C90-41BB-8EDD-BFE49144320E}
		{4E7C4AD0-A1A5-4B7B-A4A1-9120485077F1} = {BF4E3ADF-9CB3-45D6-ABCA-8CC6258761AC}
		{6712eb08-ff54-4ae2-adba-6268bd71beda} = {BF4E3ADF-9CB3-45D6-ABCA-8CC6258761AC}
	EndGlobalSection
	GlobalSection(ExtensibilityGlobals) = postSolution
		SolutionGuid = {B5E5ECC8-5558-45B1-83AC-F557B4DC8C57}
	EndGlobalSection
EndGlobal
