
Microsoft Visual Studio Solution File, Format Version 12.00
# Visual Studio Version 16
VisualStudioVersion = 16.0.29324.140
MinimumVisualStudioVersion = 10.0.40219.1
Project("{2150E333-8FDC-42A3-9474-1A3956D46DE8}") = "src", "src", "{F3EA3704-BDA0-4378-9027-827EDA186F48}"
EndProject
Project("{2150E333-8FDC-42A3-9474-1A3956D46DE8}") = "tests", "tests", "{A76B93E9-DBCC-4588-9EDA-AD8668792C5C}"
EndProject
Project("{9A19103F-16F7-4668-BE54-9A1E7A4F7556}") = "NHSD.BuyingCatalogue.Domain", "src\NHSD.BuyingCatalogue.Domain\NHSD.BuyingCatalogue.Domain.csproj", "{FA4DFD47-D6DA-4879-96D4-7F0AB351DE09}"
EndProject
Project("{9A19103F-16F7-4668-BE54-9A1E7A4F7556}") = "NHSD.BuyingCatalogue.Persistence", "src\NHSD.BuyingCatalogue.Persistence\NHSD.BuyingCatalogue.Persistence.csproj", "{F460082A-18AD-4ECA-83D0-8FF21EA87EAC}"
EndProject
Project("{9A19103F-16F7-4668-BE54-9A1E7A4F7556}") = "NHSD.BuyingCatalogue.Application", "src\NHSD.BuyingCatalogue.Application\NHSD.BuyingCatalogue.Application.csproj", "{E2F9895A-87F5-4325-8779-35EDA083C066}"
EndProject
Project("{9A19103F-16F7-4668-BE54-9A1E7A4F7556}") = "NHSD.BuyingCatalogue.API", "src\NHSD.BuyingCatalogue.API\NHSD.BuyingCatalogue.API.csproj", "{55284AD6-302D-4E68-8372-F1BAAF538B9A}"
EndProject
Project("{9A19103F-16F7-4668-BE54-9A1E7A4F7556}") = "NHSD.BuyingCatalogue.Testing.Tools", "tests\NHSD.BuyingCatalogue.Testing.Tools\NHSD.BuyingCatalogue.Testing.Tools.csproj", "{B71D5106-AC18-4D67-811F-E0449858AEA1}"
EndProject
Project("{9A19103F-16F7-4668-BE54-9A1E7A4F7556}") = "NHSD.BuyingCatalogue.Testing.Data", "tests\NHSD.BuyingCatalogue.Testing.Data\NHSD.BuyingCatalogue.Testing.Data.csproj", "{550DC78F-CAAA-444D-A7B7-F7B93D83801D}"
EndProject
Project("{9A19103F-16F7-4668-BE54-9A1E7A4F7556}") = "NHSD.BuyingCatalogue.Persistence.DatabaseTests", "tests\NHSD.BuyingCatalogue.Persistence.DatabaseTests\NHSD.BuyingCatalogue.Persistence.DatabaseTests.csproj", "{5F7094F3-0F6F-4655-96C8-49F2BB62D8CE}"
EndProject
Project("{9A19103F-16F7-4668-BE54-9A1E7A4F7556}") = "NHSD.BuyingCatalogue.Application.UnitTests", "tests\NHSD.BuyingCatalogue.Application.UnitTests\NHSD.BuyingCatalogue.Application.UnitTests.csproj", "{573CDC2F-8BB7-4B93-9B81-322846E3BCC6}"
EndProject
Project("{9A19103F-16F7-4668-BE54-9A1E7A4F7556}") = "NHSD.BuyingCatalogue.API.UnitTests", "tests\NHSD.BuyingCatalogue.API.UnitTests\NHSD.BuyingCatalogue.API.UnitTests.csproj", "{206FDA1D-0A94-4222-A932-AD27FE6DABF7}"
EndProject
Project("{9A19103F-16F7-4668-BE54-9A1E7A4F7556}") = "NHSD.BuyingCatalogue.API.IntegrationTests", "tests\NHSD.BuyingCatalogue.API.IntegrationTests\NHSD.BuyingCatalogue.API.IntegrationTests.csproj", "{C2B38A89-1FE7-4B00-A2C4-4CF6E7C7583A}"
EndProject
Project("{9A19103F-16F7-4668-BE54-9A1E7A4F7556}") = "NHSD.BuyingCatalogue.Domain.Tests", "tests\NHSD.BuyingCatalogue.Domain.Tests\NHSD.BuyingCatalogue.Domain.Tests.csproj", "{0B60DF45-3CC7-498E-926F-A4A9D7671B25}"
EndProject
Project("{9A19103F-16F7-4668-BE54-9A1E7A4F7556}") = "NHSD.BuyingCatalogue.Contracts", "src\NHSD.BuyingCatalogue.Contracts\NHSD.BuyingCatalogue.Contracts.csproj", "{023BB017-676C-4B89-9F14-007A89622F60}"
EndProject
Global
	GlobalSection(SolutionConfigurationPlatforms) = preSolution
		Debug|Any CPU = Debug|Any CPU
		Release|Any CPU = Release|Any CPU
	EndGlobalSection
	GlobalSection(ProjectConfigurationPlatforms) = postSolution
		{FA4DFD47-D6DA-4879-96D4-7F0AB351DE09}.Debug|Any CPU.ActiveCfg = Debug|Any CPU
		{FA4DFD47-D6DA-4879-96D4-7F0AB351DE09}.Debug|Any CPU.Build.0 = Debug|Any CPU
		{FA4DFD47-D6DA-4879-96D4-7F0AB351DE09}.Release|Any CPU.ActiveCfg = Release|Any CPU
		{FA4DFD47-D6DA-4879-96D4-7F0AB351DE09}.Release|Any CPU.Build.0 = Release|Any CPU
		{F460082A-18AD-4ECA-83D0-8FF21EA87EAC}.Debug|Any CPU.ActiveCfg = Debug|Any CPU
		{F460082A-18AD-4ECA-83D0-8FF21EA87EAC}.Debug|Any CPU.Build.0 = Debug|Any CPU
		{F460082A-18AD-4ECA-83D0-8FF21EA87EAC}.Release|Any CPU.ActiveCfg = Release|Any CPU
		{F460082A-18AD-4ECA-83D0-8FF21EA87EAC}.Release|Any CPU.Build.0 = Release|Any CPU
		{E2F9895A-87F5-4325-8779-35EDA083C066}.Debug|Any CPU.ActiveCfg = Debug|Any CPU
		{E2F9895A-87F5-4325-8779-35EDA083C066}.Debug|Any CPU.Build.0 = Debug|Any CPU
		{E2F9895A-87F5-4325-8779-35EDA083C066}.Release|Any CPU.ActiveCfg = Release|Any CPU
		{E2F9895A-87F5-4325-8779-35EDA083C066}.Release|Any CPU.Build.0 = Release|Any CPU
		{55284AD6-302D-4E68-8372-F1BAAF538B9A}.Debug|Any CPU.ActiveCfg = Debug|Any CPU
		{55284AD6-302D-4E68-8372-F1BAAF538B9A}.Debug|Any CPU.Build.0 = Debug|Any CPU
		{55284AD6-302D-4E68-8372-F1BAAF538B9A}.Release|Any CPU.ActiveCfg = Release|Any CPU
		{55284AD6-302D-4E68-8372-F1BAAF538B9A}.Release|Any CPU.Build.0 = Release|Any CPU
		{B71D5106-AC18-4D67-811F-E0449858AEA1}.Debug|Any CPU.ActiveCfg = Debug|Any CPU
		{B71D5106-AC18-4D67-811F-E0449858AEA1}.Debug|Any CPU.Build.0 = Debug|Any CPU
		{B71D5106-AC18-4D67-811F-E0449858AEA1}.Release|Any CPU.ActiveCfg = Release|Any CPU
		{B71D5106-AC18-4D67-811F-E0449858AEA1}.Release|Any CPU.Build.0 = Release|Any CPU
		{550DC78F-CAAA-444D-A7B7-F7B93D83801D}.Debug|Any CPU.ActiveCfg = Debug|Any CPU
		{550DC78F-CAAA-444D-A7B7-F7B93D83801D}.Debug|Any CPU.Build.0 = Debug|Any CPU
		{550DC78F-CAAA-444D-A7B7-F7B93D83801D}.Release|Any CPU.ActiveCfg = Release|Any CPU
		{550DC78F-CAAA-444D-A7B7-F7B93D83801D}.Release|Any CPU.Build.0 = Release|Any CPU
		{5F7094F3-0F6F-4655-96C8-49F2BB62D8CE}.Debug|Any CPU.ActiveCfg = Debug|Any CPU
		{5F7094F3-0F6F-4655-96C8-49F2BB62D8CE}.Debug|Any CPU.Build.0 = Debug|Any CPU
		{5F7094F3-0F6F-4655-96C8-49F2BB62D8CE}.Release|Any CPU.ActiveCfg = Release|Any CPU
		{5F7094F3-0F6F-4655-96C8-49F2BB62D8CE}.Release|Any CPU.Build.0 = Release|Any CPU
		{573CDC2F-8BB7-4B93-9B81-322846E3BCC6}.Debug|Any CPU.ActiveCfg = Debug|Any CPU
		{573CDC2F-8BB7-4B93-9B81-322846E3BCC6}.Debug|Any CPU.Build.0 = Debug|Any CPU
		{573CDC2F-8BB7-4B93-9B81-322846E3BCC6}.Release|Any CPU.ActiveCfg = Release|Any CPU
		{573CDC2F-8BB7-4B93-9B81-322846E3BCC6}.Release|Any CPU.Build.0 = Release|Any CPU
		{206FDA1D-0A94-4222-A932-AD27FE6DABF7}.Debug|Any CPU.ActiveCfg = Debug|Any CPU
		{206FDA1D-0A94-4222-A932-AD27FE6DABF7}.Debug|Any CPU.Build.0 = Debug|Any CPU
		{206FDA1D-0A94-4222-A932-AD27FE6DABF7}.Release|Any CPU.ActiveCfg = Release|Any CPU
		{206FDA1D-0A94-4222-A932-AD27FE6DABF7}.Release|Any CPU.Build.0 = Release|Any CPU
		{C2B38A89-1FE7-4B00-A2C4-4CF6E7C7583A}.Debug|Any CPU.ActiveCfg = Debug|Any CPU
		{C2B38A89-1FE7-4B00-A2C4-4CF6E7C7583A}.Debug|Any CPU.Build.0 = Debug|Any CPU
		{C2B38A89-1FE7-4B00-A2C4-4CF6E7C7583A}.Release|Any CPU.ActiveCfg = Release|Any CPU
		{C2B38A89-1FE7-4B00-A2C4-4CF6E7C7583A}.Release|Any CPU.Build.0 = Release|Any CPU
		{0B60DF45-3CC7-498E-926F-A4A9D7671B25}.Debug|Any CPU.ActiveCfg = Debug|Any CPU
		{0B60DF45-3CC7-498E-926F-A4A9D7671B25}.Debug|Any CPU.Build.0 = Debug|Any CPU
		{0B60DF45-3CC7-498E-926F-A4A9D7671B25}.Release|Any CPU.ActiveCfg = Release|Any CPU
		{0B60DF45-3CC7-498E-926F-A4A9D7671B25}.Release|Any CPU.Build.0 = Release|Any CPU
		{023BB017-676C-4B89-9F14-007A89622F60}.Debug|Any CPU.ActiveCfg = Debug|Any CPU
		{023BB017-676C-4B89-9F14-007A89622F60}.Debug|Any CPU.Build.0 = Debug|Any CPU
		{023BB017-676C-4B89-9F14-007A89622F60}.Release|Any CPU.ActiveCfg = Release|Any CPU
		{023BB017-676C-4B89-9F14-007A89622F60}.Release|Any CPU.Build.0 = Release|Any CPU
	EndGlobalSection
	GlobalSection(SolutionProperties) = preSolution
		HideSolutionNode = FALSE
	EndGlobalSection
	GlobalSection(NestedProjects) = preSolution
		{FA4DFD47-D6DA-4879-96D4-7F0AB351DE09} = {F3EA3704-BDA0-4378-9027-827EDA186F48}
		{F460082A-18AD-4ECA-83D0-8FF21EA87EAC} = {F3EA3704-BDA0-4378-9027-827EDA186F48}
		{E2F9895A-87F5-4325-8779-35EDA083C066} = {F3EA3704-BDA0-4378-9027-827EDA186F48}
		{55284AD6-302D-4E68-8372-F1BAAF538B9A} = {F3EA3704-BDA0-4378-9027-827EDA186F48}
		{B71D5106-AC18-4D67-811F-E0449858AEA1} = {A76B93E9-DBCC-4588-9EDA-AD8668792C5C}
		{550DC78F-CAAA-444D-A7B7-F7B93D83801D} = {A76B93E9-DBCC-4588-9EDA-AD8668792C5C}
		{5F7094F3-0F6F-4655-96C8-49F2BB62D8CE} = {A76B93E9-DBCC-4588-9EDA-AD8668792C5C}
		{573CDC2F-8BB7-4B93-9B81-322846E3BCC6} = {A76B93E9-DBCC-4588-9EDA-AD8668792C5C}
		{206FDA1D-0A94-4222-A932-AD27FE6DABF7} = {A76B93E9-DBCC-4588-9EDA-AD8668792C5C}
		{C2B38A89-1FE7-4B00-A2C4-4CF6E7C7583A} = {A76B93E9-DBCC-4588-9EDA-AD8668792C5C}
		{0B60DF45-3CC7-498E-926F-A4A9D7671B25} = {A76B93E9-DBCC-4588-9EDA-AD8668792C5C}
		{023BB017-676C-4B89-9F14-007A89622F60} = {F3EA3704-BDA0-4378-9027-827EDA186F48}
	EndGlobalSection
	GlobalSection(ExtensibilityGlobals) = postSolution
		SolutionGuid = {7DA4FD44-32D4-4FE7-A05E-4C72D05F6476}
	EndGlobalSection
EndGlobal
